
Microsoft Visual Studio Solution File, Format Version 12.00
# Visual Studio 15
VisualStudioVersion = 15.0.28307.852
MinimumVisualStudioVersion = 10.0.40219.1
Project("{FAE04EC0-301F-11D3-BF4B-00C04F79EFBC}") = "TravelExperts", "WindowsFormsApp1\TravelExperts.csproj", "{CE50A574-0EF3-42E8-8A64-DF996556A438}"
EndProject
Global
	GlobalSection(SolutionConfigurationPlatforms) = preSolution
		Debug|Any CPU = Debug|Any CPU
		Release|Any CPU = Release|Any CPU
	EndGlobalSection
	GlobalSection(ProjectConfigurationPlatforms) = postSolution
		{CE50A574-0EF3-42E8-8A64-DF996556A438}.Debug|Any CPU.ActiveCfg = Debug|Any CPU
		{CE50A574-0EF3-42E8-8A64-DF996556A438}.Debug|Any CPU.Build.0 = Debug|Any CPU
		{CE50A574-0EF3-42E8-8A64-DF996556A438}.Release|Any CPU.ActiveCfg = Release|Any CPU
		{CE50A574-0EF3-42E8-8A64-DF996556A438}.Release|Any CPU.Build.0 = Release|Any CPU
	EndGlobalSection
	GlobalSection(SolutionProperties) = preSolution
		HideSolutionNode = FALSE
	EndGlobalSection
	GlobalSection(ExtensibilityGlobals) = postSolution
		SolutionGuid = {D51E5867-4A7F-403D-84D4-BD66C57490C8}
	EndGlobalSection
EndGlobal
